// !$*UTF8*$!
{
	archiveVersion = 1;
	classes = {
	};
	objectVersion = 46;
	objects = {

/* Begin PBXBuildFile section */
		F1BD0D02E719FE9901CDC128 /* Pods_VADropDownList.framework in Frameworks */ = {isa = PBXBuildFile; fileRef = 435B961D1B8558B99971C3F0 /* Pods_VADropDownList.framework */; };
		F81975961DDE2ABD00032A74 /* main.m in Sources */ = {isa = PBXBuildFile; fileRef = F81975951DDE2ABD00032A74 /* main.m */; };
		F81975991DDE2ABD00032A74 /* AppDelegate.m in Sources */ = {isa = PBXBuildFile; fileRef = F81975981DDE2ABD00032A74 /* AppDelegate.m */; };
		F819759F1DDE2ABD00032A74 /* Main.storyboard in Resources */ = {isa = PBXBuildFile; fileRef = F819759D1DDE2ABD00032A74 /* Main.storyboard */; };
		F81975A11DDE2ABD00032A74 /* Assets.xcassets in Resources */ = {isa = PBXBuildFile; fileRef = F81975A01DDE2ABD00032A74 /* Assets.xcassets */; };
		F81975A41DDE2ABD00032A74 /* LaunchScreen.storyboard in Resources */ = {isa = PBXBuildFile; fileRef = F81975A21DDE2ABD00032A74 /* LaunchScreen.storyboard */; };
		F81975B01DDFCEC100032A74 /* VADropDownView.xib in Resources */ = {isa = PBXBuildFile; fileRef = F81975AF1DDFCEC100032A74 /* VADropDownView.xib */; };
		F81D13FD1DE057E4005C3CF2 /* AVDropDownCell.m in Sources */ = {isa = PBXBuildFile; fileRef = F81D13FB1DE057E4005C3CF2 /* AVDropDownCell.m */; };
		F81D13FE1DE057E4005C3CF2 /* AVDropDownCell.xib in Resources */ = {isa = PBXBuildFile; fileRef = F81D13FC1DE057E4005C3CF2 /* AVDropDownCell.xib */; };
		F81D14011DE05808005C3CF2 /* VADropDownView.m in Sources */ = {isa = PBXBuildFile; fileRef = F81D14001DE05808005C3CF2 /* VADropDownView.m */; };
		F82829B81DDF16FA00010933 /* AVMainViewController.m in Sources */ = {isa = PBXBuildFile; fileRef = F82829B71DDF16FA00010933 /* AVMainViewController.m */; };
/* End PBXBuildFile section */

/* Begin PBXFileReference section */
		435B961D1B8558B99971C3F0 /* Pods_VADropDownList.framework */ = {isa = PBXFileReference; explicitFileType = wrapper.framework; includeInIndex = 0; path = Pods_VADropDownList.framework; sourceTree = BUILT_PRODUCTS_DIR; };
		824D292CC31C7E203A170FBE /* Pods-VADropDownList.release.xcconfig */ = {isa = PBXFileReference; includeInIndex = 1; lastKnownFileType = text.xcconfig; name = "Pods-VADropDownList.release.xcconfig"; path = "Pods/Target Support Files/Pods-VADropDownList/Pods-VADropDownList.release.xcconfig"; sourceTree = "<group>"; };
		BAFCED5BFD5356230BD045F5 /* Pods-VADropDownList.debug.xcconfig */ = {isa = PBXFileReference; includeInIndex = 1; lastKnownFileType = text.xcconfig; name = "Pods-VADropDownList.debug.xcconfig"; path = "Pods/Target Support Files/Pods-VADropDownList/Pods-VADropDownList.debug.xcconfig"; sourceTree = "<group>"; };
		F81975911DDE2ABD00032A74 /* VADropDownList.app */ = {isa = PBXFileReference; explicitFileType = wrapper.application; includeInIndex = 0; path = VADropDownList.app; sourceTree = BUILT_PRODUCTS_DIR; };
		F81975951DDE2ABD00032A74 /* main.m */ = {isa = PBXFileReference; lastKnownFileType = sourcecode.c.objc; path = main.m; sourceTree = "<group>"; };
		F81975971DDE2ABD00032A74 /* AppDelegate.h */ = {isa = PBXFileReference; lastKnownFileType = sourcecode.c.h; path = AppDelegate.h; sourceTree = "<group>"; };
		F81975981DDE2ABD00032A74 /* AppDelegate.m */ = {isa = PBXFileReference; lastKnownFileType = sourcecode.c.objc; path = AppDelegate.m; sourceTree = "<group>"; };
		F819759E1DDE2ABD00032A74 /* Base */ = {isa = PBXFileReference; lastKnownFileType = file.storyboard; name = Base; path = Base.lproj/Main.storyboard; sourceTree = "<group>"; };
		F81975A01DDE2ABD00032A74 /* Assets.xcassets */ = {isa = PBXFileReference; lastKnownFileType = folder.assetcatalog; path = Assets.xcassets; sourceTree = "<group>"; };
		F81975A31DDE2ABD00032A74 /* Base */ = {isa = PBXFileReference; lastKnownFileType = file.storyboard; name = Base; path = Base.lproj/LaunchScreen.storyboard; sourceTree = "<group>"; };
		F81975A51DDE2ABD00032A74 /* Info.plist */ = {isa = PBXFileReference; lastKnownFileType = text.plist.xml; path = Info.plist; sourceTree = "<group>"; };
		F81975AF1DDFCEC100032A74 /* VADropDownView.xib */ = {isa = PBXFileReference; fileEncoding = 4; lastKnownFileType = file.xib; name = VADropDownView.xib; path = VADropDownView/VADropDownView.xib; sourceTree = "<group>"; };
		F81D13FA1DE057E4005C3CF2 /* AVDropDownCell.h */ = {isa = PBXFileReference; fileEncoding = 4; lastKnownFileType = sourcecode.c.h; name = AVDropDownCell.h; path = VADropDownView/AVDropDownCell.h; sourceTree = "<group>"; };
		F81D13FB1DE057E4005C3CF2 /* AVDropDownCell.m */ = {isa = PBXFileReference; fileEncoding = 4; lastKnownFileType = sourcecode.c.objc; name = AVDropDownCell.m; path = VADropDownView/AVDropDownCell.m; sourceTree = "<group>"; };
		F81D13FC1DE057E4005C3CF2 /* AVDropDownCell.xib */ = {isa = PBXFileReference; fileEncoding = 4; lastKnownFileType = file.xib; name = AVDropDownCell.xib; path = VADropDownView/AVDropDownCell.xib; sourceTree = "<group>"; };
		F81D13FF1DE05808005C3CF2 /* VADropDownView.h */ = {isa = PBXFileReference; fileEncoding = 4; lastKnownFileType = sourcecode.c.h; name = VADropDownView.h; path = VADropDownView/VADropDownView.h; sourceTree = "<group>"; };
		F81D14001DE05808005C3CF2 /* VADropDownView.m */ = {isa = PBXFileReference; fileEncoding = 4; lastKnownFileType = sourcecode.c.objc; name = VADropDownView.m; path = VADropDownView/VADropDownView.m; sourceTree = "<group>"; };
		F82829B61DDF16FA00010933 /* AVMainViewController.h */ = {isa = PBXFileReference; fileEncoding = 4; lastKnownFileType = sourcecode.c.h; path = AVMainViewController.h; sourceTree = "<group>"; };
		F82829B71DDF16FA00010933 /* AVMainViewController.m */ = {isa = PBXFileReference; fileEncoding = 4; lastKnownFileType = sourcecode.c.objc; path = AVMainViewController.m; sourceTree = "<group>"; };
/* End PBXFileReference section */

/* Begin PBXFrameworksBuildPhase section */
		F819758E1DDE2ABD00032A74 /* Frameworks */ = {
			isa = PBXFrameworksBuildPhase;
			buildActionMask = 2147483647;
			files = (
				F1BD0D02E719FE9901CDC128 /* Pods_VADropDownList.framework in Frameworks */,
			);
			runOnlyForDeploymentPostprocessing = 0;
		};
/* End PBXFrameworksBuildPhase section */

/* Begin PBXGroup section */
		34822F167E2F68D7AA8CF5C2 /* Pods */ = {
			isa = PBXGroup;
			children = (
				BAFCED5BFD5356230BD045F5 /* Pods-VADropDownList.debug.xcconfig */,
				824D292CC31C7E203A170FBE /* Pods-VADropDownList.release.xcconfig */,
			);
			name = Pods;
			sourceTree = "<group>";
		};
		73F1B85A9CACEFE62F838722 /* Frameworks */ = {
			isa = PBXGroup;
			children = (
				435B961D1B8558B99971C3F0 /* Pods_VADropDownList.framework */,
			);
			name = Frameworks;
			sourceTree = "<group>";
		};
		F81975881DDE2ABD00032A74 = {
			isa = PBXGroup;
			children = (
				F81975931DDE2ABD00032A74 /* VADropDownList */,
				F81975921DDE2ABD00032A74 /* Products */,
				34822F167E2F68D7AA8CF5C2 /* Pods */,
				73F1B85A9CACEFE62F838722 /* Frameworks */,
			);
			sourceTree = "<group>";
		};
		F81975921DDE2ABD00032A74 /* Products */ = {
			isa = PBXGroup;
			children = (
				F81975911DDE2ABD00032A74 /* VADropDownList.app */,
			);
			name = Products;
			sourceTree = "<group>";
		};
		F81975931DDE2ABD00032A74 /* VADropDownList */ = {
			isa = PBXGroup;
			children = (
				F81975971DDE2ABD00032A74 /* AppDelegate.h */,
				F81975981DDE2ABD00032A74 /* AppDelegate.m */,
				F82829B61DDF16FA00010933 /* AVMainViewController.h */,
				F82829B71DDF16FA00010933 /* AVMainViewController.m */,
				F81975AB1DDE2ACB00032A74 /* VADropDownView */,
				F819759D1DDE2ABD00032A74 /* Main.storyboard */,
				F81975A01DDE2ABD00032A74 /* Assets.xcassets */,
				F81975A21DDE2ABD00032A74 /* LaunchScreen.storyboard */,
				F81975A51DDE2ABD00032A74 /* Info.plist */,
				F81975941DDE2ABD00032A74 /* Supporting Files */,
			);
			path = VADropDownList;
			sourceTree = "<group>";
		};
		F81975941DDE2ABD00032A74 /* Supporting Files */ = {
			isa = PBXGroup;
			children = (
				F81975951DDE2ABD00032A74 /* main.m */,
			);
			name = "Supporting Files";
			sourceTree = "<group>";
		};
		F81975AB1DDE2ACB00032A74 /* VADropDownView */ = {
			isa = PBXGroup;
			children = (
				F81D13FF1DE05808005C3CF2 /* VADropDownView.h */,
				F81D14001DE05808005C3CF2 /* VADropDownView.m */,
				F81975AF1DDFCEC100032A74 /* VADropDownView.xib */,
				F81D13FA1DE057E4005C3CF2 /* AVDropDownCell.h */,
				F81D13FB1DE057E4005C3CF2 /* AVDropDownCell.m */,
				F81D13FC1DE057E4005C3CF2 /* AVDropDownCell.xib */,
			);
			name = VADropDownView;
			sourceTree = "<group>";
		};
/* End PBXGroup section */

/* Begin PBXNativeTarget section */
		F81975901DDE2ABD00032A74 /* VADropDownList */ = {
			isa = PBXNativeTarget;
			buildConfigurationList = F81975A81DDE2ABD00032A74 /* Build configuration list for PBXNativeTarget "VADropDownList" */;
			buildPhases = (
				707B82E18DC90306A7C94865 /* [CP] Check Pods Manifest.lock */,
				F819758D1DDE2ABD00032A74 /* Sources */,
				F819758E1DDE2ABD00032A74 /* Frameworks */,
				F819758F1DDE2ABD00032A74 /* Resources */,
				389AFA4CE3693CA27D9A6B39 /* [CP] Embed Pods Frameworks */,
				5B76849CCB184D8D7DC74E40 /* [CP] Copy Pods Resources */,
			);
			buildRules = (
			);
			dependencies = (
			);
			name = VADropDownList;
			productName = VADropDownList;
			productReference = F81975911DDE2ABD00032A74 /* VADropDownList.app */;
			productType = "com.apple.product-type.application";
		};
/* End PBXNativeTarget section */

/* Begin PBXProject section */
		F81975891DDE2ABD00032A74 /* Project object */ = {
			isa = PBXProject;
			attributes = {
				LastUpgradeCheck = 0810;
				ORGANIZATIONNAME = "Vladimir Ananko";
				TargetAttributes = {
					F81975901DDE2ABD00032A74 = {
						CreatedOnToolsVersion = 8.1;
						ProvisioningStyle = Automatic;
					};
				};
			};
			buildConfigurationList = F819758C1DDE2ABD00032A74 /* Build configuration list for PBXProject "VADropDownList" */;
			compatibilityVersion = "Xcode 3.2";
			developmentRegion = English;
			hasScannedForEncodings = 0;
			knownRegions = (
				en,
				Base,
			);
			mainGroup = F81975881DDE2ABD00032A74;
			productRefGroup = F81975921DDE2ABD00032A74 /* Products */;
			projectDirPath = "";
			projectRoot = "";
			targets = (
				F81975901DDE2ABD00032A74 /* VADropDownList */,
			);
		};
/* End PBXProject section */

/* Begin PBXResourcesBuildPhase section */
		F819758F1DDE2ABD00032A74 /* Resources */ = {
			isa = PBXResourcesBuildPhase;
			buildActionMask = 2147483647;
			files = (
				F81975A41DDE2ABD00032A74 /* LaunchScreen.storyboard in Resources */,
				F81D13FE1DE057E4005C3CF2 /* AVDropDownCell.xib in Resources */,
				F81975A11DDE2ABD00032A74 /* Assets.xcassets in Resources */,
				F81975B01DDFCEC100032A74 /* VADropDownView.xib in Resources */,
				F819759F1DDE2ABD00032A74 /* Main.storyboard in Resources */,
			);
			runOnlyForDeploymentPostprocessing = 0;
		};
/* End PBXResourcesBuildPhase section */

/* Begin PBXShellScriptBuildPhase section */
		389AFA4CE3693CA27D9A6B39 /* [CP] Embed Pods Frameworks */ = {
			isa = PBXShellScriptBuildPhase;
			buildActionMask = 2147483647;
			files = (
			);
			inputPaths = (
			);
			name = "[CP] Embed Pods Frameworks";
			outputPaths = (
			);
			runOnlyForDeploymentPostprocessing = 0;
			shellPath = /bin/sh;
			shellScript = "\"${SRCROOT}/Pods/Target Support Files/Pods-VADropDownList/Pods-VADropDownList-frameworks.sh\"\n";
			showEnvVarsInLog = 0;
		};
		5B76849CCB184D8D7DC74E40 /* [CP] Copy Pods Resources */ = {
			isa = PBXShellScriptBuildPhase;
			buildActionMask = 2147483647;
			files = (
			);
			inputPaths = (
			);
			name = "[CP] Copy Pods Resources";
			outputPaths = (
			);
			runOnlyForDeploymentPostprocessing = 0;
			shellPath = /bin/sh;
			shellScript = "\"${SRCROOT}/Pods/Target Support Files/Pods-VADropDownList/Pods-VADropDownList-resources.sh\"\n";
			showEnvVarsInLog = 0;
		};
		707B82E18DC90306A7C94865 /* [CP] Check Pods Manifest.lock */ = {
			isa = PBXShellScriptBuildPhase;
			buildActionMask = 2147483647;
			files = (
			);
			inputPaths = (
			);
			name = "[CP] Check Pods Manifest.lock";
			outputPaths = (
			);
			runOnlyForDeploymentPostprocessing = 0;
			shellPath = /bin/sh;
			shellScript = "diff \"${PODS_ROOT}/../Podfile.lock\" \"${PODS_ROOT}/Manifest.lock\" > /dev/null\nif [[ $? != 0 ]] ; then\n    cat << EOM\nerror: The sandbox is not in sync with the Podfile.lock. Run 'pod install' or update your CocoaPods installation.\nEOM\n    exit 1\nfi\n";
			showEnvVarsInLog = 0;
		};
/* End PBXShellScriptBuildPhase section */

/* Begin PBXSourcesBuildPhase section */
		F819758D1DDE2ABD00032A74 /* Sources */ = {
			isa = PBXSourcesBuildPhase;
			buildActionMask = 2147483647;
			files = (
				F81975991DDE2ABD00032A74 /* AppDelegate.m in Sources */,
				F81D14011DE05808005C3CF2 /* VADropDownView.m in Sources */,
				F82829B81DDF16FA00010933 /* AVMainViewController.m in Sources */,
				F81975961DDE2ABD00032A74 /* main.m in Sources */,
				F81D13FD1DE057E4005C3CF2 /* AVDropDownCell.m in Sources */,
			);
			runOnlyForDeploymentPostprocessing = 0;
		};
/* End PBXSourcesBuildPhase section */

/* Begin PBXVariantGroup section */
		F819759D1DDE2ABD00032A74 /* Main.storyboard */ = {
			isa = PBXVariantGroup;
			children = (
				F819759E1DDE2ABD00032A74 /* Base */,
			);
			name = Main.storyboard;
			sourceTree = "<group>";
		};
		F81975A21DDE2ABD00032A74 /* LaunchScreen.storyboard */ = {
			isa = PBXVariantGroup;
			children = (
				F81975A31DDE2ABD00032A74 /* Base */,
			);
			name = LaunchScreen.storyboard;
			sourceTree = "<group>";
		};
/* End PBXVariantGroup section */

/* Begin XCBuildConfiguration section */
		F81975A61DDE2ABD00032A74 /* Debug */ = {
			isa = XCBuildConfiguration;
			buildSettings = {
				ALWAYS_SEARCH_USER_PATHS = NO;
				CLANG_ANALYZER_NONNULL = YES;
				CLANG_CXX_LANGUAGE_STANDARD = "gnu++0x";
				CLANG_CXX_LIBRARY = "libc++";
				CLANG_ENABLE_MODULES = YES;
				CLANG_ENABLE_OBJC_ARC = YES;
				CLANG_WARN_BOOL_CONVERSION = YES;
				CLANG_WARN_CONSTANT_CONVERSION = YES;
				CLANG_WARN_DIRECT_OBJC_ISA_USAGE = YES_ERROR;
				CLANG_WARN_DOCUMENTATION_COMMENTS = YES;
				CLANG_WARN_EMPTY_BODY = YES;
				CLANG_WARN_ENUM_CONVERSION = YES;
				CLANG_WARN_INFINITE_RECURSION = YES;
				CLANG_WARN_INT_CONVERSION = YES;
				CLANG_WARN_OBJC_ROOT_CLASS = YES_ERROR;
				CLANG_WARN_SUSPICIOUS_MOVE = YES;
				CLANG_WARN_SUSPICIOUS_MOVES = YES;
				CLANG_WARN_UNREACHABLE_CODE = YES;
				CLANG_WARN__DUPLICATE_METHOD_MATCH = YES;
				"CODE_SIGN_IDENTITY[sdk=iphoneos*]" = "iPhone Developer";
				COPY_PHASE_STRIP = NO;
				DEBUG_INFORMATION_FORMAT = dwarf;
				ENABLE_STRICT_OBJC_MSGSEND = YES;
				ENABLE_TESTABILITY = YES;
				GCC_C_LANGUAGE_STANDARD = gnu99;
				GCC_DYNAMIC_NO_PIC = NO;
				GCC_NO_COMMON_BLOCKS = YES;
				GCC_OPTIMIZATION_LEVEL = 0;
				GCC_PREPROCESSOR_DEFINITIONS = (
					"DEBUG=1",
					"$(inherited)",
				);
				GCC_WARN_64_TO_32_BIT_CONVERSION = YES;
				GCC_WARN_ABOUT_RETURN_TYPE = YES_ERROR;
				GCC_WARN_UNDECLARED_SELECTOR = YES;
				GCC_WARN_UNINITIALIZED_AUTOS = YES_AGGRESSIVE;
				GCC_WARN_UNUSED_FUNCTION = YES;
				GCC_WARN_UNUSED_VARIABLE = YES;
				IPHONEOS_DEPLOYMENT_TARGET = 10.1;
				MTL_ENABLE_DEBUG_INFO = YES;
				ONLY_ACTIVE_ARCH = YES;
				SDKROOT = iphoneos;
				TARGETED_DEVICE_FAMILY = "1,2";
			};
			name = Debug;
		};
		F81975A71DDE2ABD00032A74 /* Release */ = {
			isa = XCBuildConfiguration;
			buildSettings = {
				ALWAYS_SEARCH_USER_PATHS = NO;
				CLANG_ANALYZER_NONNULL = YES;
				CLANG_CXX_LANGUAGE_STANDARD = "gnu++0x";
				CLANG_CXX_LIBRARY = "libc++";
				CLANG_ENABLE_MODULES = YES;
				CLANG_ENABLE_OBJC_ARC = YES;
				CLANG_WARN_BOOL_CONVERSION = YES;
				CLANG_WARN_CONSTANT_CONVERSION = YES;
				CLANG_WARN_DIRECT_OBJC_ISA_USAGE = YES_ERROR;
				CLANG_WARN_DOCUMENTATION_COMMENTS = YES;
				CLANG_WARN_EMPTY_BODY = YES;
				CLANG_WARN_ENUM_CONVERSION = YES;
				CLANG_WARN_INFINITE_RECURSION = YES;
				CLANG_WARN_INT_CONVERSION = YES;
				CLANG_WARN_OBJC_ROOT_CLASS = YES_ERROR;
				CLANG_WARN_SUSPICIOUS_MOVE = YES;
				CLANG_WARN_SUSPICIOUS_MOVES = YES;
				CLANG_WARN_UNREACHABLE_CODE = YES;
				CLANG_WARN__DUPLICATE_METHOD_MATCH = YES;
				"CODE_SIGN_IDENTITY[sdk=iphoneos*]" = "iPhone Developer";
				COPY_PHASE_STRIP = NO;
				DEBUG_INFORMATION_FORMAT = "dwarf-with-dsym";
				ENABLE_NS_ASSERTIONS = NO;
				ENABLE_STRICT_OBJC_MSGSEND = YES;
				GCC_C_LANGUAGE_STANDARD = gnu99;
				GCC_NO_COMMON_BLOCKS = YES;
				GCC_WARN_64_TO_32_BIT_CONVERSION = YES;
				GCC_WARN_ABOUT_RETURN_TYPE = YES_ERROR;
				GCC_WARN_UNDECLARED_SELECTOR = YES;
				GCC_WARN_UNINITIALIZED_AUTOS = YES_AGGRESSIVE;
				GCC_WARN_UNUSED_FUNCTION = YES;
				GCC_WARN_UNUSED_VARIABLE = YES;
				IPHONEOS_DEPLOYMENT_TARGET = 10.1;
				MTL_ENABLE_DEBUG_INFO = NO;
				SDKROOT = iphoneos;
				TARGETED_DEVICE_FAMILY = "1,2";
				VALIDATE_PRODUCT = YES;
			};
			name = Release;
		};
		F81975A91DDE2ABD00032A74 /* Debug */ = {
			isa = XCBuildConfiguration;
			baseConfigurationReference = BAFCED5BFD5356230BD045F5 /* Pods-VADropDownList.debug.xcconfig */;
			buildSettings = {
				ASSETCATALOG_COMPILER_APPICON_NAME = AppIcon;
				INFOPLIST_FILE = VADropDownList/Info.plist;
				IPHONEOS_DEPLOYMENT_TARGET = 10.0;
				LD_RUNPATH_SEARCH_PATHS = "$(inherited) @executable_path/Frameworks";
				PRODUCT_BUNDLE_IDENTIFIER = com.nograsby.VADropDownList;
				PRODUCT_NAME = "$(TARGET_NAME)";
			};
			name = Debug;
		};
		F81975AA1DDE2ABD00032A74 /* Release */ = {
			isa = XCBuildConfiguration;
			baseConfigurationReference = 824D292CC31C7E203A170FBE /* Pods-VADropDownList.release.xcconfig */;
			buildSettings = {
				ASSETCATALOG_COMPILER_APPICON_NAME = AppIcon;
				INFOPLIST_FILE = VADropDownList/Info.plist;
				IPHONEOS_DEPLOYMENT_TARGET = 10.0;
				LD_RUNPATH_SEARCH_PATHS = "$(inherited) @executable_path/Frameworks";
				PRODUCT_BUNDLE_IDENTIFIER = com.nograsby.VADropDownList;
				PRODUCT_NAME = "$(TARGET_NAME)";
			};
			name = Release;
		};
/* End XCBuildConfiguration section */

/* Begin XCConfigurationList section */
		F819758C1DDE2ABD00032A74 /* Build configuration list for PBXProject "VADropDownList" */ = {
			isa = XCConfigurationList;
			buildConfigurations = (
				F81975A61DDE2ABD00032A74 /* Debug */,
				F81975A71DDE2ABD00032A74 /* Release */,
			);
			defaultConfigurationIsVisible = 0;
			defaultConfigurationName = Release;
		};
		F81975A81DDE2ABD00032A74 /* Build configuration list for PBXNativeTarget "VADropDownList" */ = {
			isa = XCConfigurationList;
			buildConfigurations = (
				F81975A91DDE2ABD00032A74 /* Debug */,
				F81975AA1DDE2ABD00032A74 /* Release */,
			);
			defaultConfigurationIsVisible = 0;
			defaultConfigurationName = Release;
		};
/* End XCConfigurationList section */
	};
	rootObject = F81975891DDE2ABD00032A74 /* Project object */;
}
